// !$*UTF8*$!
{
	archiveVersion = 1;
	classes = {
	};
	objectVersion = 56;
	objects = {

/* Begin PBXBuildFile section */
		368BAD10298FD6C4002ACD86 /* AppDelegate.swift in Sources */ = {isa = PBXBuildFile; fileRef = 368BAD0F298FD6C4002ACD86 /* AppDelegate.swift */; };
		368BAD12298FD6C4002ACD86 /* SceneDelegate.swift in Sources */ = {isa = PBXBuildFile; fileRef = 368BAD11298FD6C4002ACD86 /* SceneDelegate.swift */; };
		368BAD14298FD6C4002ACD86 /* ViewController.swift in Sources */ = {isa = PBXBuildFile; fileRef = 368BAD13298FD6C4002ACD86 /* ViewController.swift */; };
		368BAD17298FD6C4002ACD86 /* Main.storyboard in Resources */ = {isa = PBXBuildFile; fileRef = 368BAD15298FD6C4002ACD86 /* Main.storyboard */; };
		368BAD19298FD6C6002ACD86 /* Assets.xcassets in Resources */ = {isa = PBXBuildFile; fileRef = 368BAD18298FD6C6002ACD86 /* Assets.xcassets */; };
		368BAD1C298FD6C6002ACD86 /* LaunchScreen.storyboard in Resources */ = {isa = PBXBuildFile; fileRef = 368BAD1A298FD6C6002ACD86 /* LaunchScreen.storyboard */; };
		36F19F4029903CF600B253FD /* PHPViewController.swift in Sources */ = {isa = PBXBuildFile; fileRef = 36F19F3F29903CF600B253FD /* PHPViewController.swift */; };
		36F19F4229903D4F00B253FD /* TableViewCell.swift in Sources */ = {isa = PBXBuildFile; fileRef = 36F19F4129903D4F00B253FD /* TableViewCell.swift */; };
/* End PBXBuildFile section */

/* Begin PBXFileReference section */
		368BAD0C298FD6C4002ACD86 /* 81-82.app */ = {isa = PBXFileReference; explicitFileType = wrapper.application; includeInIndex = 0; path = "81-82.app"; sourceTree = BUILT_PRODUCTS_DIR; };
		368BAD0F298FD6C4002ACD86 /* AppDelegate.swift */ = {isa = PBXFileReference; lastKnownFileType = sourcecode.swift; path = AppDelegate.swift; sourceTree = "<group>"; };
		368BAD11298FD6C4002ACD86 /* SceneDelegate.swift */ = {isa = PBXFileReference; lastKnownFileType = sourcecode.swift; path = SceneDelegate.swift; sourceTree = "<group>"; };
		368BAD13298FD6C4002ACD86 /* ViewController.swift */ = {isa = PBXFileReference; lastKnownFileType = sourcecode.swift; path = ViewController.swift; sourceTree = "<group>"; };
		368BAD16298FD6C4002ACD86 /* Base */ = {isa = PBXFileReference; lastKnownFileType = file.storyboard; name = Base; path = Base.lproj/Main.storyboard; sourceTree = "<group>"; };
		368BAD18298FD6C6002ACD86 /* Assets.xcassets */ = {isa = PBXFileReference; lastKnownFileType = folder.assetcatalog; path = Assets.xcassets; sourceTree = "<group>"; };
		368BAD1B298FD6C6002ACD86 /* Base */ = {isa = PBXFileReference; lastKnownFileType = file.storyboard; name = Base; path = Base.lproj/LaunchScreen.storyboard; sourceTree = "<group>"; };
		368BAD1D298FD6C6002ACD86 /* Info.plist */ = {isa = PBXFileReference; lastKnownFileType = text.plist.xml; path = Info.plist; sourceTree = "<group>"; };
		36F19F3F29903CF600B253FD /* PHPViewController.swift */ = {isa = PBXFileReference; lastKnownFileType = sourcecode.swift; path = PHPViewController.swift; sourceTree = "<group>"; };
		36F19F4129903D4F00B253FD /* TableViewCell.swift */ = {isa = PBXFileReference; lastKnownFileType = sourcecode.swift; path = TableViewCell.swift; sourceTree = "<group>"; };
/* End PBXFileReference section */

/* Begin PBXFrameworksBuildPhase section */
		368BAD09298FD6C4002ACD86 /* Frameworks */ = {
			isa = PBXFrameworksBuildPhase;
			buildActionMask = 2147483647;
			files = (
			);
			runOnlyForDeploymentPostprocessing = 0;
		};
/* End PBXFrameworksBuildPhase section */

/* Begin PBXGroup section */
		368BAD03298FD6C4002ACD86 = {
			isa = PBXGroup;
			children = (
				368BAD0E298FD6C4002ACD86 /* 81-82 */,
				368BAD0D298FD6C4002ACD86 /* Products */,
			);
			sourceTree = "<group>";
		};
		368BAD0D298FD6C4002ACD86 /* Products */ = {
			isa = PBXGroup;
			children = (
				368BAD0C298FD6C4002ACD86 /* 81-82.app */,
			);
			name = Products;
			sourceTree = "<group>";
		};
		368BAD0E298FD6C4002ACD86 /* 81-82 */ = {
			isa = PBXGroup;
			children = (
				368BAD0F298FD6C4002ACD86 /* AppDelegate.swift */,
				368BAD11298FD6C4002ACD86 /* SceneDelegate.swift */,
				368BAD13298FD6C4002ACD86 /* ViewController.swift */,
				368BAD15298FD6C4002ACD86 /* Main.storyboard */,
				36F19F4129903D4F00B253FD /* TableViewCell.swift */,
				36F19F3F29903CF600B253FD /* PHPViewController.swift */,
				368BAD18298FD6C6002ACD86 /* Assets.xcassets */,
				368BAD1A298FD6C6002ACD86 /* LaunchScreen.storyboard */,
				368BAD1D298FD6C6002ACD86 /* Info.plist */,
			);
			path = "81-82";
			sourceTree = "<group>";
		};
/* End PBXGroup section */

/* Begin PBXNativeTarget section */
		368BAD0B298FD6C4002ACD86 /* 81-82 */ = {
			isa = PBXNativeTarget;
			buildConfigurationList = 368BAD20298FD6C6002ACD86 /* Build configuration list for PBXNativeTarget "81-82" */;
			buildPhases = (
				368BAD08298FD6C4002ACD86 /* Sources */,
				368BAD09298FD6C4002ACD86 /* Frameworks */,
				368BAD0A298FD6C4002ACD86 /* Resources */,
			);
			buildRules = (
			);
			dependencies = (
			);
			name = "81-82";
			productName = "81-82";
			productReference = 368BAD0C298FD6C4002ACD86 /* 81-82.app */;
			productType = "com.apple.product-type.application";
		};
/* End PBXNativeTarget section */

/* Begin PBXProject section */
		368BAD04298FD6C4002ACD86 /* Project object */ = {
			isa = PBXProject;
			attributes = {
				BuildIndependentTargetsInParallel = 1;
				LastSwiftUpdateCheck = 1410;
				LastUpgradeCheck = 1410;
				TargetAttributes = {
					368BAD0B298FD6C4002ACD86 = {
						CreatedOnToolsVersion = 14.1;
					};
				};
			};
			buildConfigurationList = 368BAD07298FD6C4002ACD86 /* Build configuration list for PBXProject "81-82" */;
			compatibilityVersion = "Xcode 14.0";
			developmentRegion = en;
			hasScannedForEncodings = 0;
			knownRegions = (
				en,
				Base,
			);
			mainGroup = 368BAD03298FD6C4002ACD86;
			productRefGroup = 368BAD0D298FD6C4002ACD86 /* Products */;
			projectDirPath = "";
			projectRoot = "";
			targets = (
				368BAD0B298FD6C4002ACD86 /* 81-82 */,
			);
		};
/* End PBXProject section */

/* Begin PBXResourcesBuildPhase section */
		368BAD0A298FD6C4002ACD86 /* Resources */ = {
			isa = PBXResourcesBuildPhase;
			buildActionMask = 2147483647;
			files = (
				368BAD1C298FD6C6002ACD86 /* LaunchScreen.storyboard in Resources */,
				368BAD19298FD6C6002ACD86 /* Assets.xcassets in Resources */,
				368BAD17298FD6C4002ACD86 /* Main.storyboard in Resources */,
			);
			runOnlyForDeploymentPostprocessing = 0;
		};
/* End PBXResourcesBuildPhase section */

/* Begin PBXSourcesBuildPhase section */
		368BAD08298FD6C4002ACD86 /* Sources */ = {
			isa = PBXSourcesBuildPhase;
			buildActionMask = 2147483647;
			files = (
				36F19F4229903D4F00B253FD /* TableViewCell.swift in Sources */,
				368BAD14298FD6C4002ACD86 /* ViewController.swift in Sources */,
				36F19F4029903CF600B253FD /* PHPViewController.swift in Sources */,
				368BAD10298FD6C4002ACD86 /* AppDelegate.swift in Sources */,
				368BAD12298FD6C4002ACD86 /* SceneDelegate.swift in Sources */,
			);
			runOnlyForDeploymentPostprocessing = 0;
		};
/* End PBXSourcesBuildPhase section */

/* Begin PBXVariantGroup section */
		368BAD15298FD6C4002ACD86 /* Main.storyboard */ = {
			isa = PBXVariantGroup;
			children = (
				368BAD16298FD6C4002ACD86 /* Base */,
			);
			name = Main.storyboard;
			sourceTree = "<group>";
		};
		368BAD1A298FD6C6002ACD86 /* LaunchScreen.storyboard */ = {
			isa = PBXVariantGroup;
			children = (
				368BAD1B298FD6C6002ACD86 /* Base */,
			);
			name = LaunchScreen.storyboard;
			sourceTree = "<group>";
		};
/* End PBXVariantGroup section */

/* Begin XCBuildConfiguration section */
		368BAD1E298FD6C6002ACD86 /* Debug */ = {
			isa = XCBuildConfiguration;
			buildSettings = {
				ALWAYS_SEARCH_USER_PATHS = NO;
				CLANG_ANALYZER_NONNULL = YES;
				CLANG_ANALYZER_NUMBER_OBJECT_CONVERSION = YES_AGGRESSIVE;
				CLANG_CXX_LANGUAGE_STANDARD = "gnu++20";
				CLANG_ENABLE_MODULES = YES;
				CLANG_ENABLE_OBJC_ARC = YES;
				CLANG_ENABLE_OBJC_WEAK = YES;
				CLANG_WARN_BLOCK_CAPTURE_AUTORELEASING = YES;
				CLANG_WARN_BOOL_CONVERSION = YES;
				CLANG_WARN_COMMA = YES;
				CLANG_WARN_CONSTANT_CONVERSION = YES;
				CLANG_WARN_DEPRECATED_OBJC_IMPLEMENTATIONS = YES;
				CLANG_WARN_DIRECT_OBJC_ISA_USAGE = YES_ERROR;
				CLANG_WARN_DOCUMENTATION_COMMENTS = YES;
				CLANG_WARN_EMPTY_BODY = YES;
				CLANG_WARN_ENUM_CONVERSION = YES;
				CLANG_WARN_INFINITE_RECURSION = YES;
				CLANG_WARN_INT_CONVERSION = YES;
				CLANG_WARN_NON_LITERAL_NULL_CONVERSION = YES;
				CLANG_WARN_OBJC_IMPLICIT_RETAIN_SELF = YES;
				CLANG_WARN_OBJC_LITERAL_CONVERSION = YES;
				CLANG_WARN_OBJC_ROOT_CLASS = YES_ERROR;
				CLANG_WARN_QUOTED_INCLUDE_IN_FRAMEWORK_HEADER = YES;
				CLANG_WARN_RANGE_LOOP_ANALYSIS = YES;
				CLANG_WARN_STRICT_PROTOTYPES = YES;
				CLANG_WARN_SUSPICIOUS_MOVE = YES;
				CLANG_WARN_UNGUARDED_AVAILABILITY = YES_AGGRESSIVE;
				CLANG_WARN_UNREACHABLE_CODE = YES;
				CLANG_WARN__DUPLICATE_METHOD_MATCH = YES;
				COPY_PHASE_STRIP = NO;
				DEBUG_INFORMATION_FORMAT = dwarf;
				ENABLE_STRICT_OBJC_MSGSEND = YES;
				ENABLE_TESTABILITY = YES;
				GCC_C_LANGUAGE_STANDARD = gnu11;
				GCC_DYNAMIC_NO_PIC = NO;
				GCC_NO_COMMON_BLOCKS = YES;
				GCC_OPTIMIZATION_LEVEL = 0;
				GCC_PREPROCESSOR_DEFINITIONS = (
					"DEBUG=1",
					"$(inherited)",
				);
				GCC_WARN_64_TO_32_BIT_CONVERSION = YES;
				GCC_WARN_ABOUT_RETURN_TYPE = YES_ERROR;
				GCC_WARN_UNDECLARED_SELECTOR = YES;
				GCC_WARN_UNINITIALIZED_AUTOS = YES_AGGRESSIVE;
				GCC_WARN_UNUSED_FUNCTION = YES;
				GCC_WARN_UNUSED_VARIABLE = YES;
				IPHONEOS_DEPLOYMENT_TARGET = 16.1;
				MTL_ENABLE_DEBUG_INFO = INCLUDE_SOURCE;
				MTL_FAST_MATH = YES;
				ONLY_ACTIVE_ARCH = YES;
				SDKROOT = iphoneos;
				SWIFT_ACTIVE_COMPILATION_CONDITIONS = DEBUG;
				SWIFT_OPTIMIZATION_LEVEL = "-Onone";
			};
			name = Debug;
		};
		368BAD1F298FD6C6002ACD86 /* Release */ = {
			isa = XCBuildConfiguration;
			buildSettings = {
				ALWAYS_SEARCH_USER_PATHS = NO;
				CLANG_ANALYZER_NONNULL = YES;
				CLANG_ANALYZER_NUMBER_OBJECT_CONVERSION = YES_AGGRESSIVE;
				CLANG_CXX_LANGUAGE_STANDARD = "gnu++20";
				CLANG_ENABLE_MODULES = YES;
				CLANG_ENABLE_OBJC_ARC = YES;
				CLANG_ENABLE_OBJC_WEAK = YES;
				CLANG_WARN_BLOCK_CAPTURE_AUTORELEASING = YES;
				CLANG_WARN_BOOL_CONVERSION = YES;
				CLANG_WARN_COMMA = YES;
				CLANG_WARN_CONSTANT_CONVERSION = YES;
				CLANG_WARN_DEPRECATED_OBJC_IMPLEMENTATIONS = YES;
				CLANG_WARN_DIRECT_OBJC_ISA_USAGE = YES_ERROR;
				CLANG_WARN_DOCUMENTATION_COMMENTS = YES;
				CLANG_WARN_EMPTY_BODY = YES;
				CLANG_WARN_ENUM_CONVERSION = YES;
				CLANG_WARN_INFINITE_RECURSION = YES;
				CLANG_WARN_INT_CONVERSION = YES;
				CLANG_WARN_NON_LITERAL_NULL_CONVERSION = YES;
				CLANG_WARN_OBJC_IMPLICIT_RETAIN_SELF = YES;
				CLANG_WARN_OBJC_LITERAL_CONVERSION = YES;
				CLANG_WARN_OBJC_ROOT_CLASS = YES_ERROR;
				CLANG_WARN_QUOTED_INCLUDE_IN_FRAMEWORK_HEADER = YES;
				CLANG_WARN_RANGE_LOOP_ANALYSIS = YES;
				CLANG_WARN_STRICT_PROTOTYPES = YES;
				CLANG_WARN_SUSPICIOUS_MOVE = YES;
				CLANG_WARN_UNGUARDED_AVAILABILITY = YES_AGGRESSIVE;
				CLANG_WARN_UNREACHABLE_CODE = YES;
				CLANG_WARN__DUPLICATE_METHOD_MATCH = YES;
				COPY_PHASE_STRIP = NO;
				DEBUG_INFORMATION_FORMAT = "dwarf-with-dsym";
				ENABLE_NS_ASSERTIONS = NO;
				ENABLE_STRICT_OBJC_MSGSEND = YES;
				GCC_C_LANGUAGE_STANDARD = gnu11;
				GCC_NO_COMMON_BLOCKS = YES;
				GCC_WARN_64_TO_32_BIT_CONVERSION = YES;
				GCC_WARN_ABOUT_RETURN_TYPE = YES_ERROR;
				GCC_WARN_UNDECLARED_SELECTOR = YES;
				GCC_WARN_UNINITIALIZED_AUTOS = YES_AGGRESSIVE;
				GCC_WARN_UNUSED_FUNCTION = YES;
				GCC_WARN_UNUSED_VARIABLE = YES;
				IPHONEOS_DEPLOYMENT_TARGET = 16.1;
				MTL_ENABLE_DEBUG_INFO = NO;
				MTL_FAST_MATH = YES;
				SDKROOT = iphoneos;
				SWIFT_COMPILATION_MODE = wholemodule;
				SWIFT_OPTIMIZATION_LEVEL = "-O";
				VALIDATE_PRODUCT = YES;
			};
			name = Release;
		};
		368BAD21298FD6C6002ACD86 /* Debug */ = {
			isa = XCBuildConfiguration;
			buildSettings = {
				ASSETCATALOG_COMPILER_APPICON_NAME = AppIcon;
				ASSETCATALOG_COMPILER_GLOBAL_ACCENT_COLOR_NAME = AccentColor;
				CODE_SIGN_STYLE = Automatic;
				CURRENT_PROJECT_VERSION = 1;
				DEVELOPMENT_TEAM = HR7V9T66G6;
				GENERATE_INFOPLIST_FILE = YES;
				INFOPLIST_FILE = "81-82/Info.plist";
				INFOPLIST_KEY_UIApplicationSupportsIndirectInputEvents = YES;
				INFOPLIST_KEY_UILaunchStoryboardName = LaunchScreen;
				INFOPLIST_KEY_UIMainStoryboardFile = Main;
				INFOPLIST_KEY_UISupportedInterfaceOrientations_iPad = "UIInterfaceOrientationPortrait UIInterfaceOrientationPortraitUpsideDown UIInterfaceOrientationLandscapeLeft UIInterfaceOrientationLandscapeRight";
				INFOPLIST_KEY_UISupportedInterfaceOrientations_iPhone = "UIInterfaceOrientationPortrait UIInterfaceOrientationLandscapeLeft UIInterfaceOrientationLandscapeRight";
				LD_RUNPATH_SEARCH_PATHS = (
					"$(inherited)",
					"@executable_path/Frameworks",
				);
				MARKETING_VERSION = 1.0;
				PRODUCT_BUNDLE_IDENTIFIER = "com.hamdi.-1-82";
				PRODUCT_NAME = "$(TARGET_NAME)";
				SWIFT_EMIT_LOC_STRINGS = YES;
				SWIFT_VERSION = 5.0;
				TARGETED_DEVICE_FAMILY = "1,2";
			};
			name = Debug;
		};
		368BAD22298FD6C6002ACD86 /* Release */ = {
			isa = XCBuildConfiguration;
			buildSettings = {
				ASSETCATALOG_COMPILER_APPICON_NAME = AppIcon;
				ASSETCATALOG_COMPILER_GLOBAL_ACCENT_COLOR_NAME = AccentColor;
				CODE_SIGN_STYLE = Automatic;
				CURRENT_PROJECT_VERSION = 1;
				DEVELOPMENT_TEAM = HR7V9T66G6;
				GENERATE_INFOPLIST_FILE = YES;
				INFOPLIST_FILE = "81-82/Info.plist";
				INFOPLIST_KEY_UIApplicationSupportsIndirectInputEvents = YES;
				INFOPLIST_KEY_UILaunchStoryboardName = LaunchScreen;
				INFOPLIST_KEY_UIMainStoryboardFile = Main;
				INFOPLIST_KEY_UISupportedInterfaceOrientations_iPad = "UIInterfaceOrientationPortrait UIInterfaceOrientationPortraitUpsideDown UIInterfaceOrientationLandscapeLeft UIInterfaceOrientationLandscapeRight";
				INFOPLIST_KEY_UISupportedInterfaceOrientations_iPhone = "UIInterfaceOrientationPortrait UIInterfaceOrientationLandscapeLeft UIInterfaceOrientationLandscapeRight";
				LD_RUNPATH_SEARCH_PATHS = (
					"$(inherited)",
					"@executable_path/Frameworks",
				);
				MARKETING_VERSION = 1.0;
				PRODUCT_BUNDLE_IDENTIFIER = "com.hamdi.-1-82";
				PRODUCT_NAME = "$(TARGET_NAME)";
				SWIFT_EMIT_LOC_STRINGS = YES;
				SWIFT_VERSION = 5.0;
				TARGETED_DEVICE_FAMILY = "1,2";
			};
			name = Release;
		};
/* End XCBuildConfiguration section */

/* Begin XCConfigurationList section */
		368BAD07298FD6C4002ACD86 /* Build configuration list for PBXProject "81-82" */ = {
			isa = XCConfigurationList;
			buildConfigurations = (
				368BAD1E298FD6C6002ACD86 /* Debug */,
				368BAD1F298FD6C6002ACD86 /* Release */,
			);
			defaultConfigurationIsVisible = 0;
			defaultConfigurationName = Release;
		};
		368BAD20298FD6C6002ACD86 /* Build configuration list for PBXNativeTarget "81-82" */ = {
			isa = XCConfigurationList;
			buildConfigurations = (
				368BAD21298FD6C6002ACD86 /* Debug */,
				368BAD22298FD6C6002ACD86 /* Release */,
			);
			defaultConfigurationIsVisible = 0;
			defaultConfigurationName = Release;
		};
/* End XCConfigurationList section */
	};
	rootObject = 368BAD04298FD6C4002ACD86 /* Project object */;
}
